// !$*UTF8*$!
{
	archiveVersion = 1;
	classes = {
	};
	objectVersion = 46;
	objects = {

/* Begin PBXBuildFile section */
		73D45F0E1962666800745653 /* Foundation.framework in Frameworks */ = {isa = PBXBuildFile; fileRef = 73D45F0D1962666800745653 /* Foundation.framework */; };
		73D45F101962666800745653 /* CoreGraphics.framework in Frameworks */ = {isa = PBXBuildFile; fileRef = 73D45F0F1962666800745653 /* CoreGraphics.framework */; };
		73D45F121962666800745653 /* UIKit.framework in Frameworks */ = {isa = PBXBuildFile; fileRef = 73D45F111962666800745653 /* UIKit.framework */; };
		73D45F181962666800745653 /* InfoPlist.strings in Resources */ = {isa = PBXBuildFile; fileRef = 73D45F161962666800745653 /* InfoPlist.strings */; };
		73D45F1A1962666800745653 /* main.m in Sources */ = {isa = PBXBuildFile; fileRef = 73D45F191962666800745653 /* main.m */; };
		73D45F1E1962666800745653 /* YCAppDelegate.m in Sources */ = {isa = PBXBuildFile; fileRef = 73D45F1D1962666800745653 /* YCAppDelegate.m */; };
		73D45F211962666800745653 /* Main.storyboard in Resources */ = {isa = PBXBuildFile; fileRef = 73D45F1F1962666800745653 /* Main.storyboard */; };
		73D45F241962666800745653 /* YCViewController.m in Sources */ = {isa = PBXBuildFile; fileRef = 73D45F231962666800745653 /* YCViewController.m */; };
		73D45F261962666800745653 /* Images.xcassets in Resources */ = {isa = PBXBuildFile; fileRef = 73D45F251962666800745653 /* Images.xcassets */; };
		73D45F2D1962666800745653 /* XCTest.framework in Frameworks */ = {isa = PBXBuildFile; fileRef = 73D45F2C1962666800745653 /* XCTest.framework */; };
		73D45F2E1962666800745653 /* Foundation.framework in Frameworks */ = {isa = PBXBuildFile; fileRef = 73D45F0D1962666800745653 /* Foundation.framework */; };
		73D45F2F1962666800745653 /* UIKit.framework in Frameworks */ = {isa = PBXBuildFile; fileRef = 73D45F111962666800745653 /* UIKit.framework */; };
		73D45F371962666800745653 /* InfoPlist.strings in Resources */ = {isa = PBXBuildFile; fileRef = 73D45F351962666800745653 /* InfoPlist.strings */; };
		73D45F391962666800745653 /* ARCoreDataDemoTests.m in Sources */ = {isa = PBXBuildFile; fileRef = 73D45F381962666800745653 /* ARCoreDataDemoTests.m */; };
		73D45F491962831D00745653 /* ModelTesdd.xcdatamodeld in Sources */ = {isa = PBXBuildFile; fileRef = 73D45F471962831D00745653 /* ModelTesdd.xcdatamodeld */; };
		9779BAB21AE25A4A0053379C /* Person.m in Sources */ = {isa = PBXBuildFile; fileRef = 9779BAB11AE25A4A0053379C /* Person.m */; };
		9779BAB51AE265490053379C /* Dog.m in Sources */ = {isa = PBXBuildFile; fileRef = 9779BAB41AE265490053379C /* Dog.m */; };
		97A95FFB1AF3B66500A05BD1 /* ARCoreDataManager.m in Sources */ = {isa = PBXBuildFile; fileRef = 97A95FEE1AF3B66500A05BD1 /* ARCoreDataManager.m */; };
		97A95FFC1AF3B66500A05BD1 /* NSManagedObject+ARCreate.m in Sources */ = {isa = PBXBuildFile; fileRef = 97A95FF11AF3B66500A05BD1 /* NSManagedObject+ARCreate.m */; };
		97A95FFD1AF3B66500A05BD1 /* NSManagedObject+ARConvenience.m in Sources */ = {isa = PBXBuildFile; fileRef = 97A95FF31AF3B66500A05BD1 /* NSManagedObject+ARConvenience.m */; };
		97A95FFE1AF3B66500A05BD1 /* NSManagedObject+ARMapping.m in Sources */ = {isa = PBXBuildFile; fileRef = 97A95FF51AF3B66500A05BD1 /* NSManagedObject+ARMapping.m */; };
		97A95FFF1AF3B66500A05BD1 /* ARCollectionViewFetchResultController.m in Sources */ = {isa = PBXBuildFile; fileRef = 97A95FF81AF3B66500A05BD1 /* ARCollectionViewFetchResultController.m */; };
		97A960001AF3B66500A05BD1 /* ARTableViewFetchResultController.m in Sources */ = {isa = PBXBuildFile; fileRef = 97A95FFA1AF3B66500A05BD1 /* ARTableViewFetchResultController.m */; };
		97A9600A1AF3B6D700A05BD1 /* NSManagedObject+ARManageObjectContext.m in Sources */ = {isa = PBXBuildFile; fileRef = 97A960031AF3B6D700A05BD1 /* NSManagedObject+ARManageObjectContext.m */; };
		97A9600B1AF3B6D700A05BD1 /* NSManagedObject+ARRequest.m in Sources */ = {isa = PBXBuildFile; fileRef = 97A960051AF3B6D700A05BD1 /* NSManagedObject+ARRequest.m */; };
		97A9600C1AF3B6D700A05BD1 /* NSManagedObjectContext+ARAddtions.m in Sources */ = {isa = PBXBuildFile; fileRef = 97A960071AF3B6D700A05BD1 /* NSManagedObjectContext+ARAddtions.m */; };
		97A9600D1AF3B6D700A05BD1 /* NSManagedObjectID+ARAddtions.m in Sources */ = {isa = PBXBuildFile; fileRef = 97A960091AF3B6D700A05BD1 /* NSManagedObjectID+ARAddtions.m */; };
/* End PBXBuildFile section */

/* Begin PBXContainerItemProxy section */
		73D45F301962666800745653 /* PBXContainerItemProxy */ = {
			isa = PBXContainerItemProxy;
			containerPortal = 73D45F021962666800745653 /* Project object */;
			proxyType = 1;
			remoteGlobalIDString = 73D45F091962666800745653;
			remoteInfo = ARCoreDataDemo;
		};
/* End PBXContainerItemProxy section */

/* Begin PBXFileReference section */
		73D45F0A1962666800745653 /* ARCoreDataDemo.app */ = {isa = PBXFileReference; explicitFileType = wrapper.application; includeInIndex = 0; path = ARCoreDataDemo.app; sourceTree = BUILT_PRODUCTS_DIR; };
		73D45F0D1962666800745653 /* Foundation.framework */ = {isa = PBXFileReference; lastKnownFileType = wrapper.framework; name = Foundation.framework; path = System/Library/Frameworks/Foundation.framework; sourceTree = SDKROOT; };
		73D45F0F1962666800745653 /* CoreGraphics.framework */ = {isa = PBXFileReference; lastKnownFileType = wrapper.framework; name = CoreGraphics.framework; path = System/Library/Frameworks/CoreGraphics.framework; sourceTree = SDKROOT; };
		73D45F111962666800745653 /* UIKit.framework */ = {isa = PBXFileReference; lastKnownFileType = wrapper.framework; name = UIKit.framework; path = System/Library/Frameworks/UIKit.framework; sourceTree = SDKROOT; };
		73D45F151962666800745653 /* ARCoreDataDemo-Info.plist */ = {isa = PBXFileReference; lastKnownFileType = text.plist.xml; path = "ARCoreDataDemo-Info.plist"; sourceTree = "<group>"; };
		73D45F171962666800745653 /* en */ = {isa = PBXFileReference; lastKnownFileType = text.plist.strings; name = en; path = en.lproj/InfoPlist.strings; sourceTree = "<group>"; };
		73D45F191962666800745653 /* main.m */ = {isa = PBXFileReference; lastKnownFileType = sourcecode.c.objc; path = main.m; sourceTree = "<group>"; };
		73D45F1B1962666800745653 /* ARCoreDataDemo-Prefix.pch */ = {isa = PBXFileReference; lastKnownFileType = sourcecode.c.h; path = "ARCoreDataDemo-Prefix.pch"; sourceTree = "<group>"; };
		73D45F1C1962666800745653 /* YCAppDelegate.h */ = {isa = PBXFileReference; lastKnownFileType = sourcecode.c.h; path = YCAppDelegate.h; sourceTree = "<group>"; };
		73D45F1D1962666800745653 /* YCAppDelegate.m */ = {isa = PBXFileReference; lastKnownFileType = sourcecode.c.objc; path = YCAppDelegate.m; sourceTree = "<group>"; };
		73D45F201962666800745653 /* Base */ = {isa = PBXFileReference; lastKnownFileType = file.storyboard; name = Base; path = Base.lproj/Main.storyboard; sourceTree = "<group>"; };
		73D45F221962666800745653 /* YCViewController.h */ = {isa = PBXFileReference; lastKnownFileType = sourcecode.c.h; path = YCViewController.h; sourceTree = "<group>"; };
		73D45F231962666800745653 /* YCViewController.m */ = {isa = PBXFileReference; lastKnownFileType = sourcecode.c.objc; path = YCViewController.m; sourceTree = "<group>"; };
		73D45F251962666800745653 /* Images.xcassets */ = {isa = PBXFileReference; lastKnownFileType = folder.assetcatalog; path = Images.xcassets; sourceTree = "<group>"; };
		73D45F2B1962666800745653 /* ARCoreDataDemoTests.xctest */ = {isa = PBXFileReference; explicitFileType = wrapper.cfbundle; includeInIndex = 0; path = ARCoreDataDemoTests.xctest; sourceTree = BUILT_PRODUCTS_DIR; };
		73D45F2C1962666800745653 /* XCTest.framework */ = {isa = PBXFileReference; lastKnownFileType = wrapper.framework; name = XCTest.framework; path = Library/Frameworks/XCTest.framework; sourceTree = DEVELOPER_DIR; };
		73D45F341962666800745653 /* ARCoreDataDemoTests-Info.plist */ = {isa = PBXFileReference; lastKnownFileType = text.plist.xml; path = "ARCoreDataDemoTests-Info.plist"; sourceTree = "<group>"; };
		73D45F361962666800745653 /* en */ = {isa = PBXFileReference; lastKnownFileType = text.plist.strings; name = en; path = en.lproj/InfoPlist.strings; sourceTree = "<group>"; };
		73D45F381962666800745653 /* ARCoreDataDemoTests.m */ = {isa = PBXFileReference; lastKnownFileType = sourcecode.c.objc; path = ARCoreDataDemoTests.m; sourceTree = "<group>"; };
		73D45F481962831D00745653 /* ModelTesdd.xcdatamodel */ = {isa = PBXFileReference; lastKnownFileType = wrapper.xcdatamodel; path = ModelTesdd.xcdatamodel; sourceTree = "<group>"; };
		9779BAB01AE25A4A0053379C /* Person.h */ = {isa = PBXFileReference; fileEncoding = 4; lastKnownFileType = sourcecode.c.h; path = Person.h; sourceTree = "<group>"; };
		9779BAB11AE25A4A0053379C /* Person.m */ = {isa = PBXFileReference; fileEncoding = 4; lastKnownFileType = sourcecode.c.objc; path = Person.m; sourceTree = "<group>"; };
		9779BAB31AE265490053379C /* Dog.h */ = {isa = PBXFileReference; fileEncoding = 4; lastKnownFileType = sourcecode.c.h; path = Dog.h; sourceTree = "<group>"; };
		9779BAB41AE265490053379C /* Dog.m */ = {isa = PBXFileReference; fileEncoding = 4; lastKnownFileType = sourcecode.c.objc; path = Dog.m; sourceTree = "<group>"; };
		97A95FED1AF3B66500A05BD1 /* ARCoreDataManager.h */ = {isa = PBXFileReference; fileEncoding = 4; lastKnownFileType = sourcecode.c.h; path = ARCoreDataManager.h; sourceTree = "<group>"; };
		97A95FEE1AF3B66500A05BD1 /* ARCoreDataManager.m */ = {isa = PBXFileReference; fileEncoding = 4; lastKnownFileType = sourcecode.c.objc; path = ARCoreDataManager.m; sourceTree = "<group>"; };
		97A95FEF1AF3B66500A05BD1 /* ARManageObjectMappingProtocol.h */ = {isa = PBXFileReference; fileEncoding = 4; lastKnownFileType = sourcecode.c.h; path = ARManageObjectMappingProtocol.h; sourceTree = "<group>"; };
		97A95FF01AF3B66500A05BD1 /* NSManagedObject+ARCreate.h */ = {isa = PBXFileReference; fileEncoding = 4; lastKnownFileType = sourcecode.c.h; path = "NSManagedObject+ARCreate.h"; sourceTree = "<group>"; };
		97A95FF11AF3B66500A05BD1 /* NSManagedObject+ARCreate.m */ = {isa = PBXFileReference; fileEncoding = 4; lastKnownFileType = sourcecode.c.objc; path = "NSManagedObject+ARCreate.m"; sourceTree = "<group>"; };
		97A95FF21AF3B66500A05BD1 /* NSManagedObject+ARConvenience.h */ = {isa = PBXFileReference; fileEncoding = 4; lastKnownFileType = sourcecode.c.h; path = "NSManagedObject+ARConvenience.h"; sourceTree = "<group>"; };
		97A95FF31AF3B66500A05BD1 /* NSManagedObject+ARConvenience.m */ = {isa = PBXFileReference; fileEncoding = 4; lastKnownFileType = sourcecode.c.objc; path = "NSManagedObject+ARConvenience.m"; sourceTree = "<group>"; };
		97A95FF41AF3B66500A05BD1 /* NSManagedObject+ARMapping.h */ = {isa = PBXFileReference; fileEncoding = 4; lastKnownFileType = sourcecode.c.h; path = "NSManagedObject+ARMapping.h"; sourceTree = "<group>"; };
		97A95FF51AF3B66500A05BD1 /* NSManagedObject+ARMapping.m */ = {isa = PBXFileReference; fileEncoding = 4; lastKnownFileType = sourcecode.c.objc; path = "NSManagedObject+ARMapping.m"; sourceTree = "<group>"; };
		97A95FF71AF3B66500A05BD1 /* ARCollectionViewFetchResultController.h */ = {isa = PBXFileReference; fileEncoding = 4; lastKnownFileType = sourcecode.c.h; path = ARCollectionViewFetchResultController.h; sourceTree = "<group>"; };
		97A95FF81AF3B66500A05BD1 /* ARCollectionViewFetchResultController.m */ = {isa = PBXFileReference; fileEncoding = 4; lastKnownFileType = sourcecode.c.objc; path = ARCollectionViewFetchResultController.m; sourceTree = "<group>"; };
		97A95FF91AF3B66500A05BD1 /* ARTableViewFetchResultController.h */ = {isa = PBXFileReference; fileEncoding = 4; lastKnownFileType = sourcecode.c.h; path = ARTableViewFetchResultController.h; sourceTree = "<group>"; };
		97A95FFA1AF3B66500A05BD1 /* ARTableViewFetchResultController.m */ = {isa = PBXFileReference; fileEncoding = 4; lastKnownFileType = sourcecode.c.objc; path = ARTableViewFetchResultController.m; sourceTree = "<group>"; };
		97A960021AF3B6D700A05BD1 /* NSManagedObject+ARManageObjectContext.h */ = {isa = PBXFileReference; fileEncoding = 4; lastKnownFileType = sourcecode.c.h; path = "NSManagedObject+ARManageObjectContext.h"; sourceTree = "<group>"; };
		97A960031AF3B6D700A05BD1 /* NSManagedObject+ARManageObjectContext.m */ = {isa = PBXFileReference; fileEncoding = 4; lastKnownFileType = sourcecode.c.objc; path = "NSManagedObject+ARManageObjectContext.m"; sourceTree = "<group>"; };
		97A960041AF3B6D700A05BD1 /* NSManagedObject+ARRequest.h */ = {isa = PBXFileReference; fileEncoding = 4; lastKnownFileType = sourcecode.c.h; path = "NSManagedObject+ARRequest.h"; sourceTree = "<group>"; };
		97A960051AF3B6D700A05BD1 /* NSManagedObject+ARRequest.m */ = {isa = PBXFileReference; fileEncoding = 4; lastKnownFileType = sourcecode.c.objc; path = "NSManagedObject+ARRequest.m"; sourceTree = "<group>"; };
		97A960061AF3B6D700A05BD1 /* NSManagedObjectContext+ARAddtions.h */ = {isa = PBXFileReference; fileEncoding = 4; lastKnownFileType = sourcecode.c.h; path = "NSManagedObjectContext+ARAddtions.h"; sourceTree = "<group>"; };
		97A960071AF3B6D700A05BD1 /* NSManagedObjectContext+ARAddtions.m */ = {isa = PBXFileReference; fileEncoding = 4; lastKnownFileType = sourcecode.c.objc; path = "NSManagedObjectContext+ARAddtions.m"; sourceTree = "<group>"; };
		97A960081AF3B6D700A05BD1 /* NSManagedObjectID+ARAddtions.h */ = {isa = PBXFileReference; fileEncoding = 4; lastKnownFileType = sourcecode.c.h; path = "NSManagedObjectID+ARAddtions.h"; sourceTree = "<group>"; };
		97A960091AF3B6D700A05BD1 /* NSManagedObjectID+ARAddtions.m */ = {isa = PBXFileReference; fileEncoding = 4; lastKnownFileType = sourcecode.c.objc; path = "NSManagedObjectID+ARAddtions.m"; sourceTree = "<group>"; };
		97D9525E1AE73D5B006886AA /* ARCoreData.h */ = {isa = PBXFileReference; fileEncoding = 4; lastKnownFileType = sourcecode.c.h; path = ARCoreData.h; sourceTree = "<group>"; };
		97D9525F1AE73D5B006886AA /* ARCoreDataMacros.h */ = {isa = PBXFileReference; fileEncoding = 4; lastKnownFileType = sourcecode.c.h; path = ARCoreDataMacros.h; sourceTree = "<group>"; };
/* End PBXFileReference section */

/* Begin PBXFrameworksBuildPhase section */
		73D45F071962666800745653 /* Frameworks */ = {
			isa = PBXFrameworksBuildPhase;
			buildActionMask = 2147483647;
			files = (
				73D45F101962666800745653 /* CoreGraphics.framework in Frameworks */,
				73D45F121962666800745653 /* UIKit.framework in Frameworks */,
				73D45F0E1962666800745653 /* Foundation.framework in Frameworks */,
			);
			runOnlyForDeploymentPostprocessing = 0;
		};
		73D45F281962666800745653 /* Frameworks */ = {
			isa = PBXFrameworksBuildPhase;
			buildActionMask = 2147483647;
			files = (
				73D45F2D1962666800745653 /* XCTest.framework in Frameworks */,
				73D45F2F1962666800745653 /* UIKit.framework in Frameworks */,
				73D45F2E1962666800745653 /* Foundation.framework in Frameworks */,
			);
			runOnlyForDeploymentPostprocessing = 0;
		};
/* End PBXFrameworksBuildPhase section */

/* Begin PBXGroup section */
		73D45F011962666800745653 = {
			isa = PBXGroup;
			children = (
				73D45F131962666800745653 /* ARCoreDataDemo */,
				73D45F321962666800745653 /* ARCoreDataDemoTests */,
				73D45F0C1962666800745653 /* Frameworks */,
				73D45F0B1962666800745653 /* Products */,
			);
			sourceTree = "<group>";
		};
		73D45F0B1962666800745653 /* Products */ = {
			isa = PBXGroup;
			children = (
				73D45F0A1962666800745653 /* ARCoreDataDemo.app */,
				73D45F2B1962666800745653 /* ARCoreDataDemoTests.xctest */,
			);
			name = Products;
			sourceTree = "<group>";
		};
		73D45F0C1962666800745653 /* Frameworks */ = {
			isa = PBXGroup;
			children = (
				73D45F0D1962666800745653 /* Foundation.framework */,
				73D45F0F1962666800745653 /* CoreGraphics.framework */,
				73D45F111962666800745653 /* UIKit.framework */,
				73D45F2C1962666800745653 /* XCTest.framework */,
			);
			name = Frameworks;
			sourceTree = "<group>";
		};
		73D45F131962666800745653 /* ARCoreDataDemo */ = {
			isa = PBXGroup;
			children = (
				97D9525D1AE73D5B006886AA /* ARCoreData */,
				73D45F1C1962666800745653 /* YCAppDelegate.h */,
				73D45F1D1962666800745653 /* YCAppDelegate.m */,
				73D45F1F1962666800745653 /* Main.storyboard */,
				73D45F221962666800745653 /* YCViewController.h */,
				73D45F231962666800745653 /* YCViewController.m */,
				9779BAB01AE25A4A0053379C /* Person.h */,
				9779BAB11AE25A4A0053379C /* Person.m */,
				9779BAB31AE265490053379C /* Dog.h */,
				9779BAB41AE265490053379C /* Dog.m */,
				73D45F471962831D00745653 /* ModelTesdd.xcdatamodeld */,
				73D45F251962666800745653 /* Images.xcassets */,
				73D45F141962666800745653 /* Supporting Files */,
			);
			path = ARCoreDataDemo;
			sourceTree = "<group>";
		};
		73D45F141962666800745653 /* Supporting Files */ = {
			isa = PBXGroup;
			children = (
				73D45F151962666800745653 /* ARCoreDataDemo-Info.plist */,
				73D45F161962666800745653 /* InfoPlist.strings */,
				73D45F191962666800745653 /* main.m */,
				73D45F1B1962666800745653 /* ARCoreDataDemo-Prefix.pch */,
			);
			name = "Supporting Files";
			sourceTree = "<group>";
		};
		73D45F321962666800745653 /* ARCoreDataDemoTests */ = {
			isa = PBXGroup;
			children = (
				73D45F381962666800745653 /* ARCoreDataDemoTests.m */,
				73D45F331962666800745653 /* Supporting Files */,
			);
			path = ARCoreDataDemoTests;
			sourceTree = "<group>";
		};
		73D45F331962666800745653 /* Supporting Files */ = {
			isa = PBXGroup;
			children = (
				73D45F341962666800745653 /* ARCoreDataDemoTests-Info.plist */,
				73D45F351962666800745653 /* InfoPlist.strings */,
			);
			name = "Supporting Files";
			sourceTree = "<group>";
		};
		97A95FEC1AF3B66500A05BD1 /* Core */ = {
			isa = PBXGroup;
			children = (
				97A95FED1AF3B66500A05BD1 /* ARCoreDataManager.h */,
				97A95FEE1AF3B66500A05BD1 /* ARCoreDataManager.m */,
				97A95FEF1AF3B66500A05BD1 /* ARManageObjectMappingProtocol.h */,
				97A95FF01AF3B66500A05BD1 /* NSManagedObject+ARCreate.h */,
				97A95FF11AF3B66500A05BD1 /* NSManagedObject+ARCreate.m */,
				97A95FF21AF3B66500A05BD1 /* NSManagedObject+ARConvenience.h */,
				97A95FF31AF3B66500A05BD1 /* NSManagedObject+ARConvenience.m */,
				97A95FF41AF3B66500A05BD1 /* NSManagedObject+ARMapping.h */,
				97A95FF51AF3B66500A05BD1 /* NSManagedObject+ARMapping.m */,
			);
			path = Core;
			sourceTree = "<group>";
		};
		97A95FF61AF3B66500A05BD1 /* FetchController */ = {
			isa = PBXGroup;
			children = (
				97A95FF71AF3B66500A05BD1 /* ARCollectionViewFetchResultController.h */,
				97A95FF81AF3B66500A05BD1 /* ARCollectionViewFetchResultController.m */,
				97A95FF91AF3B66500A05BD1 /* ARTableViewFetchResultController.h */,
				97A95FFA1AF3B66500A05BD1 /* ARTableViewFetchResultController.m */,
			);
			path = FetchController;
			sourceTree = "<group>";
		};
		97A960011AF3B6D700A05BD1 /* Category */ = {
			isa = PBXGroup;
			children = (
				97A960021AF3B6D700A05BD1 /* NSManagedObject+ARManageObjectContext.h */,
				97A960031AF3B6D700A05BD1 /* NSManagedObject+ARManageObjectContext.m */,
				97A960041AF3B6D700A05BD1 /* NSManagedObject+ARRequest.h */,
				97A960051AF3B6D700A05BD1 /* NSManagedObject+ARRequest.m */,
				97A960061AF3B6D700A05BD1 /* NSManagedObjectContext+ARAddtions.h */,
				97A960071AF3B6D700A05BD1 /* NSManagedObjectContext+ARAddtions.m */,
				97A960081AF3B6D700A05BD1 /* NSManagedObjectID+ARAddtions.h */,
				97A960091AF3B6D700A05BD1 /* NSManagedObjectID+ARAddtions.m */,
			);
			path = Category;
			sourceTree = "<group>";
		};
		97D9525D1AE73D5B006886AA /* ARCoreData */ = {
			isa = PBXGroup;
			children = (
				97D9525E1AE73D5B006886AA /* ARCoreData.h */,
				97D9525F1AE73D5B006886AA /* ARCoreDataMacros.h */,
				97A95FEC1AF3B66500A05BD1 /* Core */,
				97A960011AF3B6D700A05BD1 /* Category */,
				97A95FF61AF3B66500A05BD1 /* FetchController */,
			);
			path = ARCoreData;
			sourceTree = "<group>";
		};
/* End PBXGroup section */

/* Begin PBXNativeTarget section */
		73D45F091962666800745653 /* ARCoreDataDemo */ = {
			isa = PBXNativeTarget;
			buildConfigurationList = 73D45F3C1962666800745653 /* Build configuration list for PBXNativeTarget "ARCoreDataDemo" */;
			buildPhases = (
				73D45F061962666800745653 /* Sources */,
				73D45F071962666800745653 /* Frameworks */,
				73D45F081962666800745653 /* Resources */,
			);
			buildRules = (
			);
			dependencies = (
			);
			name = ARCoreDataDemo;
			productName = ARCoreDataDemo;
			productReference = 73D45F0A1962666800745653 /* ARCoreDataDemo.app */;
			productType = "com.apple.product-type.application";
		};
		73D45F2A1962666800745653 /* ARCoreDataDemoTests */ = {
			isa = PBXNativeTarget;
			buildConfigurationList = 73D45F3F1962666800745653 /* Build configuration list for PBXNativeTarget "ARCoreDataDemoTests" */;
			buildPhases = (
				73D45F271962666800745653 /* Sources */,
				73D45F281962666800745653 /* Frameworks */,
				73D45F291962666800745653 /* Resources */,
			);
			buildRules = (
			);
			dependencies = (
				73D45F311962666800745653 /* PBXTargetDependency */,
			);
			name = ARCoreDataDemoTests;
			productName = ARCoreDataDemoTests;
			productReference = 73D45F2B1962666800745653 /* ARCoreDataDemoTests.xctest */;
			productType = "com.apple.product-type.bundle.unit-test";
		};
/* End PBXNativeTarget section */

/* Begin PBXProject section */
		73D45F021962666800745653 /* Project object */ = {
			isa = PBXProject;
			attributes = {
				CLASSPREFIX = YC;
				LastUpgradeCheck = 0510;
				ORGANIZATIONNAME = lPW;
				TargetAttributes = {
					73D45F2A1962666800745653 = {
						TestTargetID = 73D45F091962666800745653;
					};
				};
			};
			buildConfigurationList = 73D45F051962666800745653 /* Build configuration list for PBXProject "ARCoreDataDemo" */;
			compatibilityVersion = "Xcode 3.2";
			developmentRegion = English;
			hasScannedForEncodings = 0;
			knownRegions = (
				en,
				Base,
			);
			mainGroup = 73D45F011962666800745653;
			productRefGroup = 73D45F0B1962666800745653 /* Products */;
			projectDirPath = "";
			projectRoot = "";
			targets = (
				73D45F091962666800745653 /* ARCoreDataDemo */,
				73D45F2A1962666800745653 /* ARCoreDataDemoTests */,
			);
		};
/* End PBXProject section */

/* Begin PBXResourcesBuildPhase section */
		73D45F081962666800745653 /* Resources */ = {
			isa = PBXResourcesBuildPhase;
			buildActionMask = 2147483647;
			files = (
				73D45F261962666800745653 /* Images.xcassets in Resources */,
				73D45F181962666800745653 /* InfoPlist.strings in Resources */,
				73D45F211962666800745653 /* Main.storyboard in Resources */,
			);
			runOnlyForDeploymentPostprocessing = 0;
		};
		73D45F291962666800745653 /* Resources */ = {
			isa = PBXResourcesBuildPhase;
			buildActionMask = 2147483647;
			files = (
				73D45F371962666800745653 /* InfoPlist.strings in Resources */,
			);
			runOnlyForDeploymentPostprocessing = 0;
		};
/* End PBXResourcesBuildPhase section */

/* Begin PBXSourcesBuildPhase section */
		73D45F061962666800745653 /* Sources */ = {
			isa = PBXSourcesBuildPhase;
			buildActionMask = 2147483647;
			files = (
				97A960001AF3B66500A05BD1 /* ARTableViewFetchResultController.m in Sources */,
				97A9600C1AF3B6D700A05BD1 /* NSManagedObjectContext+ARAddtions.m in Sources */,
				97A95FFC1AF3B66500A05BD1 /* NSManagedObject+ARCreate.m in Sources */,
				97A95FFB1AF3B66500A05BD1 /* ARCoreDataManager.m in Sources */,
				97A95FFD1AF3B66500A05BD1 /* NSManagedObject+ARConvenience.m in Sources */,
				73D45F1E1962666800745653 /* YCAppDelegate.m in Sources */,
				97A95FFF1AF3B66500A05BD1 /* ARCollectionViewFetchResultController.m in Sources */,
				97A9600A1AF3B6D700A05BD1 /* NSManagedObject+ARManageObjectContext.m in Sources */,
				73D45F491962831D00745653 /* ModelTesdd.xcdatamodeld in Sources */,
				73D45F241962666800745653 /* YCViewController.m in Sources */,
				73D45F1A1962666800745653 /* main.m in Sources */,
				9779BAB21AE25A4A0053379C /* Person.m in Sources */,
				97A95FFE1AF3B66500A05BD1 /* NSManagedObject+ARMapping.m in Sources */,
				97A9600B1AF3B6D700A05BD1 /* NSManagedObject+ARRequest.m in Sources */,
				9779BAB51AE265490053379C /* Dog.m in Sources */,
				97A9600D1AF3B6D700A05BD1 /* NSManagedObjectID+ARAddtions.m in Sources */,
			);
			runOnlyForDeploymentPostprocessing = 0;
		};
		73D45F271962666800745653 /* Sources */ = {
			isa = PBXSourcesBuildPhase;
			buildActionMask = 2147483647;
			files = (
				73D45F391962666800745653 /* ARCoreDataDemoTests.m in Sources */,
			);
			runOnlyForDeploymentPostprocessing = 0;
		};
/* End PBXSourcesBuildPhase section */

/* Begin PBXTargetDependency section */
		73D45F311962666800745653 /* PBXTargetDependency */ = {
			isa = PBXTargetDependency;
			target = 73D45F091962666800745653 /* ARCoreDataDemo */;
			targetProxy = 73D45F301962666800745653 /* PBXContainerItemProxy */;
		};
/* End PBXTargetDependency section */

/* Begin PBXVariantGroup section */
		73D45F161962666800745653 /* InfoPlist.strings */ = {
			isa = PBXVariantGroup;
			children = (
				73D45F171962666800745653 /* en */,
			);
			name = InfoPlist.strings;
			sourceTree = "<group>";
		};
		73D45F1F1962666800745653 /* Main.storyboard */ = {
			isa = PBXVariantGroup;
			children = (
				73D45F201962666800745653 /* Base */,
			);
			name = Main.storyboard;
			sourceTree = "<group>";
		};
		73D45F351962666800745653 /* InfoPlist.strings */ = {
			isa = PBXVariantGroup;
			children = (
				73D45F361962666800745653 /* en */,
			);
			name = InfoPlist.strings;
			sourceTree = "<group>";
		};
/* End PBXVariantGroup section */

/* Begin XCBuildConfiguration section */
		73D45F3A1962666800745653 /* Debug */ = {
			isa = XCBuildConfiguration;
			buildSettings = {
				ALWAYS_SEARCH_USER_PATHS = NO;
				CLANG_CXX_LANGUAGE_STANDARD = "gnu++0x";
				CLANG_CXX_LIBRARY = "libc++";
				CLANG_ENABLE_MODULES = YES;
				CLANG_ENABLE_OBJC_ARC = YES;
				CLANG_WARN_BOOL_CONVERSION = YES;
				CLANG_WARN_CONSTANT_CONVERSION = YES;
				CLANG_WARN_DIRECT_OBJC_ISA_USAGE = YES_ERROR;
				CLANG_WARN_EMPTY_BODY = YES;
				CLANG_WARN_ENUM_CONVERSION = YES;
				CLANG_WARN_INT_CONVERSION = YES;
				CLANG_WARN_OBJC_ROOT_CLASS = YES_ERROR;
				CLANG_WARN__DUPLICATE_METHOD_MATCH = YES;
				"CODE_SIGN_IDENTITY[sdk=iphoneos*]" = "iPhone Developer";
				COPY_PHASE_STRIP = NO;
				GCC_C_LANGUAGE_STANDARD = gnu99;
				GCC_DYNAMIC_NO_PIC = NO;
				GCC_OPTIMIZATION_LEVEL = 0;
				GCC_PREPROCESSOR_DEFINITIONS = (
					"DEBUG=1",
					"$(inherited)",
				);
				GCC_SYMBOLS_PRIVATE_EXTERN = NO;
				GCC_WARN_64_TO_32_BIT_CONVERSION = YES;
				GCC_WARN_ABOUT_RETURN_TYPE = YES_ERROR;
				GCC_WARN_UNDECLARED_SELECTOR = YES;
				GCC_WARN_UNINITIALIZED_AUTOS = YES_AGGRESSIVE;
				GCC_WARN_UNUSED_FUNCTION = YES;
				GCC_WARN_UNUSED_VARIABLE = YES;
				IPHONEOS_DEPLOYMENT_TARGET = 7.1;
				ONLY_ACTIVE_ARCH = YES;
				SDKROOT = iphoneos;
			};
			name = Debug;
		};
		73D45F3B1962666800745653 /* Release */ = {
			isa = XCBuildConfiguration;
			buildSettings = {
				ALWAYS_SEARCH_USER_PATHS = NO;
				CLANG_CXX_LANGUAGE_STANDARD = "gnu++0x";
				CLANG_CXX_LIBRARY = "libc++";
				CLANG_ENABLE_MODULES = YES;
				CLANG_ENABLE_OBJC_ARC = YES;
				CLANG_WARN_BOOL_CONVERSION = YES;
				CLANG_WARN_CONSTANT_CONVERSION = YES;
				CLANG_WARN_DIRECT_OBJC_ISA_USAGE = YES_ERROR;
				CLANG_WARN_EMPTY_BODY = YES;
				CLANG_WARN_ENUM_CONVERSION = YES;
				CLANG_WARN_INT_CONVERSION = YES;
				CLANG_WARN_OBJC_ROOT_CLASS = YES_ERROR;
				CLANG_WARN__DUPLICATE_METHOD_MATCH = YES;
				"CODE_SIGN_IDENTITY[sdk=iphoneos*]" = "iPhone Developer";
				COPY_PHASE_STRIP = YES;
				ENABLE_NS_ASSERTIONS = NO;
				GCC_C_LANGUAGE_STANDARD = gnu99;
				GCC_WARN_64_TO_32_BIT_CONVERSION = YES;
				GCC_WARN_ABOUT_RETURN_TYPE = YES_ERROR;
				GCC_WARN_UNDECLARED_SELECTOR = YES;
				GCC_WARN_UNINITIALIZED_AUTOS = YES_AGGRESSIVE;
				GCC_WARN_UNUSED_FUNCTION = YES;
				GCC_WARN_UNUSED_VARIABLE = YES;
				IPHONEOS_DEPLOYMENT_TARGET = 7.1;
				SDKROOT = iphoneos;
				VALIDATE_PRODUCT = YES;
			};
			name = Release;
		};
		73D45F3D1962666800745653 /* Debug */ = {
			isa = XCBuildConfiguration;
			buildSettings = {
				ASSETCATALOG_COMPILER_APPICON_NAME = AppIcon;
				ASSETCATALOG_COMPILER_LAUNCHIMAGE_NAME = LaunchImage;
				GCC_PRECOMPILE_PREFIX_HEADER = YES;
				GCC_PREFIX_HEADER = "ARCoreDataDemo/ARCoreDataDemo-Prefix.pch";
				INFOPLIST_FILE = "ARCoreDataDemo/ARCoreDataDemo-Info.plist";
				PRODUCT_NAME = "$(TARGET_NAME)";
				WRAPPER_EXTENSION = app;
			};
			name = Debug;
		};
		73D45F3E1962666800745653 /* Release */ = {
			isa = XCBuildConfiguration;
			buildSettings = {
				ASSETCATALOG_COMPILER_APPICON_NAME = AppIcon;
				ASSETCATALOG_COMPILER_LAUNCHIMAGE_NAME = LaunchImage;
				GCC_PRECOMPILE_PREFIX_HEADER = YES;
				GCC_PREFIX_HEADER = "ARCoreDataDemo/ARCoreDataDemo-Prefix.pch";
				INFOPLIST_FILE = "ARCoreDataDemo/ARCoreDataDemo-Info.plist";
				PRODUCT_NAME = "$(TARGET_NAME)";
				WRAPPER_EXTENSION = app;
			};
			name = Release;
		};
		73D45F401962666800745653 /* Debug */ = {
			isa = XCBuildConfiguration;
			buildSettings = {
				BUNDLE_LOADER = "$(BUILT_PRODUCTS_DIR)/ARCoreDataDemo.app/ARCoreDataDemo";
				FRAMEWORK_SEARCH_PATHS = (
					"$(SDKROOT)/Developer/Library/Frameworks",
					"$(inherited)",
					"$(DEVELOPER_FRAMEWORKS_DIR)",
				);
				GCC_PRECOMPILE_PREFIX_HEADER = YES;
				GCC_PREFIX_HEADER = "ARCoreDataDemo/ARCoreDataDemo-Prefix.pch";
				GCC_PREPROCESSOR_DEFINITIONS = (
					"DEBUG=1",
					"$(inherited)",
				);
				INFOPLIST_FILE = "ARCoreDataDemoTests/ARCoreDataDemoTests-Info.plist";
				PRODUCT_NAME = "$(TARGET_NAME)";
				TEST_HOST = "$(BUNDLE_LOADER)";
				WRAPPER_EXTENSION = xctest;
			};
			name = Debug;
		};
		73D45F411962666800745653 /* Release */ = {
			isa = XCBuildConfiguration;
			buildSettings = {
				BUNDLE_LOADER = "$(BUILT_PRODUCTS_DIR)/ARCoreDataDemo.app/ARCoreDataDemo";
				FRAMEWORK_SEARCH_PATHS = (
					"$(SDKROOT)/Developer/Library/Frameworks",
					"$(inherited)",
					"$(DEVELOPER_FRAMEWORKS_DIR)",
				);
				GCC_PRECOMPILE_PREFIX_HEADER = YES;
				GCC_PREFIX_HEADER = "ARCoreDataDemo/ARCoreDataDemo-Prefix.pch";
				INFOPLIST_FILE = "ARCoreDataDemoTests/ARCoreDataDemoTests-Info.plist";
				PRODUCT_NAME = "$(TARGET_NAME)";
				TEST_HOST = "$(BUNDLE_LOADER)";
				WRAPPER_EXTENSION = xctest;
			};
			name = Release;
		};
/* End XCBuildConfiguration section */

/* Begin XCConfigurationList section */
		73D45F051962666800745653 /* Build configuration list for PBXProject "ARCoreDataDemo" */ = {
			isa = XCConfigurationList;
			buildConfigurations = (
				73D45F3A1962666800745653 /* Debug */,
				73D45F3B1962666800745653 /* Release */,
			);
			defaultConfigurationIsVisible = 0;
			defaultConfigurationName = Release;
		};
		73D45F3C1962666800745653 /* Build configuration list for PBXNativeTarget "ARCoreDataDemo" */ = {
			isa = XCConfigurationList;
			buildConfigurations = (
				73D45F3D1962666800745653 /* Debug */,
				73D45F3E1962666800745653 /* Release */,
			);
			defaultConfigurationIsVisible = 0;
			defaultConfigurationName = Release;
		};
		73D45F3F1962666800745653 /* Build configuration list for PBXNativeTarget "ARCoreDataDemoTests" */ = {
			isa = XCConfigurationList;
			buildConfigurations = (
				73D45F401962666800745653 /* Debug */,
				73D45F411962666800745653 /* Release */,
			);
			defaultConfigurationIsVisible = 0;
			defaultConfigurationName = Release;
		};
/* End XCConfigurationList section */

/* Begin XCVersionGroup section */
		73D45F471962831D00745653 /* ModelTesdd.xcdatamodeld */ = {
			isa = XCVersionGroup;
			children = (
				73D45F481962831D00745653 /* ModelTesdd.xcdatamodel */,
			);
			currentVersion = 73D45F481962831D00745653 /* ModelTesdd.xcdatamodel */;
			path = ModelTesdd.xcdatamodeld;
			sourceTree = "<group>";
			versionGroupType = wrapper.xcdatamodel;
		};
/* End XCVersionGroup section */
	};
	rootObject = 73D45F021962666800745653 /* Project object */;
}
